
Microsoft Visual Studio Solution File, Format Version 12.00
# Visual Studio Version 16
VisualStudioVersion = 16.0.31702.278
MinimumVisualStudioVersion = 10.0.40219.1
Project("{FAE04EC0-301F-11D3-BF4B-00C04F79EFBC}") = "LineComparision", "LineComparision\LineComparision.csproj", "{802E40E5-3998-405B-A339-5123E04D2E0E}"
EndProject
Global
	GlobalSection(SolutionConfigurationPlatforms) = preSolution
		Debug|Any CPU = Debug|Any CPU
		Release|Any CPU = Release|Any CPU
	EndGlobalSection
	GlobalSection(ProjectConfigurationPlatforms) = postSolution
		{802E40E5-3998-405B-A339-5123E04D2E0E}.Debug|Any CPU.ActiveCfg = Debug|Any CPU
		{802E40E5-3998-405B-A339-5123E04D2E0E}.Debug|Any CPU.Build.0 = Debug|Any CPU
		{802E40E5-3998-405B-A339-5123E04D2E0E}.Release|Any CPU.ActiveCfg = Release|Any CPU
		{802E40E5-3998-405B-A339-5123E04D2E0E}.Release|Any CPU.Build.0 = Release|Any CPU
	EndGlobalSection
	GlobalSection(SolutionProperties) = preSolution
		HideSolutionNode = FALSE
	EndGlobalSection
	GlobalSection(ExtensibilityGlobals) = postSolution
		SolutionGuid = {3BD52349-3B2F-4A3F-85E8-ABE03FBC1136}
	EndGlobalSection
EndGlobal
